
Microsoft Visual Studio Solution File, Format Version 12.00
# Visual Studio Version 17
VisualStudioVersion = 17.7.34202.233
MinimumVisualStudioVersion = 10.0.40219.1
Project("{FAE04EC0-301F-11D3-BF4B-00C04F79EFBC}") = "OOP_Soru", "OOP_Soru.csproj", "{A71698CB-A88B-4311-8417-8260F78B2513}"
EndProject
Project("{FAE04EC0-301F-11D3-BF4B-00C04F79EFBC}") = "Models", "..\Models\Models.csproj", "{02EA6D30-5273-44D5-8B0A-EBD6C5FE1158}"
EndProject
Global
	GlobalSection(SolutionConfigurationPlatforms) = preSolution
		Debug|Any CPU = Debug|Any CPU
		Release|Any CPU = Release|Any CPU
	EndGlobalSection
	GlobalSection(ProjectConfigurationPlatforms) = postSolution
		{A71698CB-A88B-4311-8417-8260F78B2513}.Debug|Any CPU.ActiveCfg = Debug|Any CPU
		{A71698CB-A88B-4311-8417-8260F78B2513}.Debug|Any CPU.Build.0 = Debug|Any CPU
		{A71698CB-A88B-4311-8417-8260F78B2513}.Release|Any CPU.ActiveCfg = Release|Any CPU
		{A71698CB-A88B-4311-8417-8260F78B2513}.Release|Any CPU.Build.0 = Release|Any CPU
		{02EA6D30-5273-44D5-8B0A-EBD6C5FE1158}.Debug|Any CPU.ActiveCfg = Debug|Any CPU
		{02EA6D30-5273-44D5-8B0A-EBD6C5FE1158}.Debug|Any CPU.Build.0 = Debug|Any CPU
		{02EA6D30-5273-44D5-8B0A-EBD6C5FE1158}.Release|Any CPU.ActiveCfg = Release|Any CPU
		{02EA6D30-5273-44D5-8B0A-EBD6C5FE1158}.Release|Any CPU.Build.0 = Release|Any CPU
	EndGlobalSection
	GlobalSection(SolutionProperties) = preSolution
		HideSolutionNode = FALSE
	EndGlobalSection
	GlobalSection(ExtensibilityGlobals) = postSolution
		SolutionGuid = {0321B6C8-B112-49FF-B04D-D1E1BC57ADDB}
	EndGlobalSection
EndGlobal
