
Microsoft Visual Studio Solution File, Format Version 12.00
# Visual Studio Version 17
VisualStudioVersion = 17.4.33205.214
MinimumVisualStudioVersion = 10.0.40219.1
Project("{9A19103F-16F7-4668-BE54-9A1E7A4F7556}") = "Haber.Domain", "Haber.Domain\Haber.Domain.csproj", "{7E6BBA4E-E350-4E4F-9754-6164E8A5301C}"
EndProject
Project("{9A19103F-16F7-4668-BE54-9A1E7A4F7556}") = "Haber.Infrastructure", "Haber.Infrastructure\Haber.Infrastructure.csproj", "{4FD1CC3B-7B37-4141-87E0-DECB15B0F8FF}"
EndProject
Project("{9A19103F-16F7-4668-BE54-9A1E7A4F7556}") = "Haber.Application", "Haber.Application\Haber.Application.csproj", "{60CF4539-3C4E-4460-B95B-91DBD5A4BF7D}"
EndProject
Project("{FAE04EC0-301F-11D3-BF4B-00C04F79EFBC}") = "Haber.UI", "Haber.UI\Haber.UI.csproj", "{D621473F-F297-4536-8BDD-A46ED8A83A30}"
EndProject
Global
	GlobalSection(SolutionConfigurationPlatforms) = preSolution
		Debug|Any CPU = Debug|Any CPU
		Release|Any CPU = Release|Any CPU
	EndGlobalSection
	GlobalSection(ProjectConfigurationPlatforms) = postSolution
		{7E6BBA4E-E350-4E4F-9754-6164E8A5301C}.Debug|Any CPU.ActiveCfg = Debug|Any CPU
		{7E6BBA4E-E350-4E4F-9754-6164E8A5301C}.Debug|Any CPU.Build.0 = Debug|Any CPU
		{7E6BBA4E-E350-4E4F-9754-6164E8A5301C}.Release|Any CPU.ActiveCfg = Release|Any CPU
		{7E6BBA4E-E350-4E4F-9754-6164E8A5301C}.Release|Any CPU.Build.0 = Release|Any CPU
		{4FD1CC3B-7B37-4141-87E0-DECB15B0F8FF}.Debug|Any CPU.ActiveCfg = Debug|Any CPU
		{4FD1CC3B-7B37-4141-87E0-DECB15B0F8FF}.Debug|Any CPU.Build.0 = Debug|Any CPU
		{4FD1CC3B-7B37-4141-87E0-DECB15B0F8FF}.Release|Any CPU.ActiveCfg = Release|Any CPU
		{4FD1CC3B-7B37-4141-87E0-DECB15B0F8FF}.Release|Any CPU.Build.0 = Release|Any CPU
		{60CF4539-3C4E-4460-B95B-91DBD5A4BF7D}.Debug|Any CPU.ActiveCfg = Debug|Any CPU
		{60CF4539-3C4E-4460-B95B-91DBD5A4BF7D}.Debug|Any CPU.Build.0 = Debug|Any CPU
		{60CF4539-3C4E-4460-B95B-91DBD5A4BF7D}.Release|Any CPU.ActiveCfg = Release|Any CPU
		{60CF4539-3C4E-4460-B95B-91DBD5A4BF7D}.Release|Any CPU.Build.0 = Release|Any CPU
		{D621473F-F297-4536-8BDD-A46ED8A83A30}.Debug|Any CPU.ActiveCfg = Debug|Any CPU
		{D621473F-F297-4536-8BDD-A46ED8A83A30}.Debug|Any CPU.Build.0 = Debug|Any CPU
		{D621473F-F297-4536-8BDD-A46ED8A83A30}.Release|Any CPU.ActiveCfg = Release|Any CPU
		{D621473F-F297-4536-8BDD-A46ED8A83A30}.Release|Any CPU.Build.0 = Release|Any CPU
	EndGlobalSection
	GlobalSection(SolutionProperties) = preSolution
		HideSolutionNode = FALSE
	EndGlobalSection
	GlobalSection(ExtensibilityGlobals) = postSolution
		SolutionGuid = {89A3AAD9-894A-4363-9029-49D1E7E378DD}
	EndGlobalSection
EndGlobal
