
Microsoft Visual Studio Solution File, Format Version 12.00
# Visual Studio Version 17
VisualStudioVersion = 17.7.34221.43
MinimumVisualStudioVersion = 10.0.40219.1
Project("{FAE04EC0-301F-11D3-BF4B-00C04F79EFBC}") = "MehmetHusnaKisla", "MehmetHusnaKisla.csproj", "{5B9AE132-2AA6-462C-8EEE-C4375D15C042}"
EndProject
Project("{2150E333-8FDC-42A3-9474-1A3956D46DE8}") = "Solution Items", "Solution Items", "{869D5BDB-5733-42C7-B51D-86F20660AACE}"
	ProjectSection(SolutionItems) = preProject
		Notes.txt = Notes.txt
	EndProjectSection
EndProject
Global
	GlobalSection(SolutionConfigurationPlatforms) = preSolution
		Debug|Any CPU = Debug|Any CPU
		Release|Any CPU = Release|Any CPU
	EndGlobalSection
	GlobalSection(ProjectConfigurationPlatforms) = postSolution
		{5B9AE132-2AA6-462C-8EEE-C4375D15C042}.Debug|Any CPU.ActiveCfg = Debug|Any CPU
		{5B9AE132-2AA6-462C-8EEE-C4375D15C042}.Debug|Any CPU.Build.0 = Debug|Any CPU
		{5B9AE132-2AA6-462C-8EEE-C4375D15C042}.Release|Any CPU.ActiveCfg = Release|Any CPU
		{5B9AE132-2AA6-462C-8EEE-C4375D15C042}.Release|Any CPU.Build.0 = Release|Any CPU
	EndGlobalSection
	GlobalSection(SolutionProperties) = preSolution
		HideSolutionNode = FALSE
	EndGlobalSection
	GlobalSection(ExtensibilityGlobals) = postSolution
		SolutionGuid = {373296A2-D2E6-441C-A0A8-FB95FA9D10B4}
	EndGlobalSection
EndGlobal
