
Microsoft Visual Studio Solution File, Format Version 12.00
# Visual Studio Version 17
VisualStudioVersion = 17.4.33205.214
MinimumVisualStudioVersion = 10.0.40219.1
Project("{9A19103F-16F7-4668-BE54-9A1E7A4F7556}") = "OOP_I", "OOP_I\OOP_I.csproj", "{D8DE010B-0D34-4DC2-89A0-45D2EE70C248}"
EndProject
Project("{2150E333-8FDC-42A3-9474-1A3956D46DE8}") = "Solution Items", "Solution Items", "{41A21550-1EF0-4FE5-B099-82EEA8902FF1}"
	ProjectSection(SolutionItems) = preProject
		Notlar.txt = Notlar.txt
	EndProjectSection
EndProject
Project("{9A19103F-16F7-4668-BE54-9A1E7A4F7556}") = "OOP_II", "OOP_II\OOP_II.csproj", "{13E59D9A-6C86-4BDA-9034-072A18A84575}"
EndProject
Project("{9A19103F-16F7-4668-BE54-9A1E7A4F7556}") = "OOP_III", "OOP_III\OOP_III.csproj", "{61AEFC60-6497-48EE-B8BB-00A6ABFB6E38}"
EndProject
Project("{9A19103F-16F7-4668-BE54-9A1E7A4F7556}") = "OOP_IV", "OOP_IV\OOP_IV.csproj", "{C1CDAC65-1BF1-4687-8A4C-D156D77B9EB6}"
EndProject
Project("{FAE04EC0-301F-11D3-BF4B-00C04F79EFBC}") = "OOP_V", "OOP_V\OOP_V.csproj", "{17CBB694-5E6F-4142-AE86-7E0B0A7D197A}"
EndProject
Project("{FAE04EC0-301F-11D3-BF4B-00C04F79EFBC}") = "OOP_VI", "OOP_VI\OOP_VI.csproj", "{B8A24A62-C7F5-4F8A-9051-246BEAB1B601}"
EndProject
Global
	GlobalSection(SolutionConfigurationPlatforms) = preSolution
		Debug|Any CPU = Debug|Any CPU
		Release|Any CPU = Release|Any CPU
	EndGlobalSection
	GlobalSection(ProjectConfigurationPlatforms) = postSolution
		{D8DE010B-0D34-4DC2-89A0-45D2EE70C248}.Debug|Any CPU.ActiveCfg = Debug|Any CPU
		{D8DE010B-0D34-4DC2-89A0-45D2EE70C248}.Debug|Any CPU.Build.0 = Debug|Any CPU
		{D8DE010B-0D34-4DC2-89A0-45D2EE70C248}.Release|Any CPU.ActiveCfg = Release|Any CPU
		{D8DE010B-0D34-4DC2-89A0-45D2EE70C248}.Release|Any CPU.Build.0 = Release|Any CPU
		{13E59D9A-6C86-4BDA-9034-072A18A84575}.Debug|Any CPU.ActiveCfg = Debug|Any CPU
		{13E59D9A-6C86-4BDA-9034-072A18A84575}.Debug|Any CPU.Build.0 = Debug|Any CPU
		{13E59D9A-6C86-4BDA-9034-072A18A84575}.Release|Any CPU.ActiveCfg = Release|Any CPU
		{13E59D9A-6C86-4BDA-9034-072A18A84575}.Release|Any CPU.Build.0 = Release|Any CPU
		{61AEFC60-6497-48EE-B8BB-00A6ABFB6E38}.Debug|Any CPU.ActiveCfg = Debug|Any CPU
		{61AEFC60-6497-48EE-B8BB-00A6ABFB6E38}.Debug|Any CPU.Build.0 = Debug|Any CPU
		{61AEFC60-6497-48EE-B8BB-00A6ABFB6E38}.Release|Any CPU.ActiveCfg = Release|Any CPU
		{61AEFC60-6497-48EE-B8BB-00A6ABFB6E38}.Release|Any CPU.Build.0 = Release|Any CPU
		{C1CDAC65-1BF1-4687-8A4C-D156D77B9EB6}.Debug|Any CPU.ActiveCfg = Debug|Any CPU
		{C1CDAC65-1BF1-4687-8A4C-D156D77B9EB6}.Debug|Any CPU.Build.0 = Debug|Any CPU
		{C1CDAC65-1BF1-4687-8A4C-D156D77B9EB6}.Release|Any CPU.ActiveCfg = Release|Any CPU
		{C1CDAC65-1BF1-4687-8A4C-D156D77B9EB6}.Release|Any CPU.Build.0 = Release|Any CPU
		{17CBB694-5E6F-4142-AE86-7E0B0A7D197A}.Debug|Any CPU.ActiveCfg = Debug|Any CPU
		{17CBB694-5E6F-4142-AE86-7E0B0A7D197A}.Debug|Any CPU.Build.0 = Debug|Any CPU
		{17CBB694-5E6F-4142-AE86-7E0B0A7D197A}.Release|Any CPU.ActiveCfg = Release|Any CPU
		{17CBB694-5E6F-4142-AE86-7E0B0A7D197A}.Release|Any CPU.Build.0 = Release|Any CPU
		{B8A24A62-C7F5-4F8A-9051-246BEAB1B601}.Debug|Any CPU.ActiveCfg = Debug|Any CPU
		{B8A24A62-C7F5-4F8A-9051-246BEAB1B601}.Debug|Any CPU.Build.0 = Debug|Any CPU
		{B8A24A62-C7F5-4F8A-9051-246BEAB1B601}.Release|Any CPU.ActiveCfg = Release|Any CPU
		{B8A24A62-C7F5-4F8A-9051-246BEAB1B601}.Release|Any CPU.Build.0 = Release|Any CPU
	EndGlobalSection
	GlobalSection(SolutionProperties) = preSolution
		HideSolutionNode = FALSE
	EndGlobalSection
	GlobalSection(ExtensibilityGlobals) = postSolution
		SolutionGuid = {83CA2FB3-7F25-435F-8FBB-8C116612A104}
	EndGlobalSection
EndGlobal
