
Microsoft Visual Studio Solution File, Format Version 12.00
# Visual Studio Version 17
VisualStudioVersion = 17.4.33205.214
MinimumVisualStudioVersion = 10.0.40219.1
Project("{FAE04EC0-301F-11D3-BF4B-00C04F79EFBC}") = "API_I", "API_I\API_I.csproj", "{430F1376-D124-4599-AE62-DAE639EFD5D3}"
EndProject
Project("{FAE04EC0-301F-11D3-BF4B-00C04F79EFBC}") = "WebClient", "WebClient\WebClient.csproj", "{8E34A2ED-7B9D-43E7-96CA-881A79A86323}"
EndProject
Global
	GlobalSection(SolutionConfigurationPlatforms) = preSolution
		Debug|Any CPU = Debug|Any CPU
		Release|Any CPU = Release|Any CPU
	EndGlobalSection
	GlobalSection(ProjectConfigurationPlatforms) = postSolution
		{430F1376-D124-4599-AE62-DAE639EFD5D3}.Debug|Any CPU.ActiveCfg = Debug|Any CPU
		{430F1376-D124-4599-AE62-DAE639EFD5D3}.Debug|Any CPU.Build.0 = Debug|Any CPU
		{430F1376-D124-4599-AE62-DAE639EFD5D3}.Release|Any CPU.ActiveCfg = Release|Any CPU
		{430F1376-D124-4599-AE62-DAE639EFD5D3}.Release|Any CPU.Build.0 = Release|Any CPU
		{8E34A2ED-7B9D-43E7-96CA-881A79A86323}.Debug|Any CPU.ActiveCfg = Debug|Any CPU
		{8E34A2ED-7B9D-43E7-96CA-881A79A86323}.Debug|Any CPU.Build.0 = Debug|Any CPU
		{8E34A2ED-7B9D-43E7-96CA-881A79A86323}.Release|Any CPU.ActiveCfg = Release|Any CPU
		{8E34A2ED-7B9D-43E7-96CA-881A79A86323}.Release|Any CPU.Build.0 = Release|Any CPU
	EndGlobalSection
	GlobalSection(SolutionProperties) = preSolution
		HideSolutionNode = FALSE
	EndGlobalSection
	GlobalSection(ExtensibilityGlobals) = postSolution
		SolutionGuid = {2E8316C9-2B44-41A3-A10E-FE5B13E1E0B1}
	EndGlobalSection
EndGlobal
